<Solution>
  <Project Path="ProdHelperService.csproj" />
  <Project Path="ProdHelperService.Controllers\ProdHelperService.Controllers.csproj" />
  <Project Path="ProdHelperService.Contracts\ProdHelperService.Contracts.csproj" />
  <Project Path="ProdHelperService.AdminApp\ProdHelperService.AdminApp.csproj" />
</Solution>
